// !$*UTF8*$!
{
	archiveVersion = 1;
	classes = {
	};
	objectVersion = 46;
	objects = {

/* Begin PBXBuildFile section */
		57DB52FB1D395C4600D30FA2 /* AppDelegate.swift in Sources */ = {isa = PBXBuildFile; fileRef = 57DB52FA1D395C4600D30FA2 /* AppDelegate.swift */; };
		57DB52FD1D395C4600D30FA2 /* ViewController.swift in Sources */ = {isa = PBXBuildFile; fileRef = 57DB52FC1D395C4600D30FA2 /* ViewController.swift */; };
		57DB53001D395C4600D30FA2 /* Main.storyboard in Resources */ = {isa = PBXBuildFile; fileRef = 57DB52FE1D395C4600D30FA2 /* Main.storyboard */; };
		57DB53021D395C4600D30FA2 /* Assets.xcassets in Resources */ = {isa = PBXBuildFile; fileRef = 57DB53011D395C4600D30FA2 /* Assets.xcassets */; };
		57DB53051D395C4600D30FA2 /* LaunchScreen.storyboard in Resources */ = {isa = PBXBuildFile; fileRef = 57DB53031D395C4600D30FA2 /* LaunchScreen.storyboard */; };
/* End PBXBuildFile section */

/* Begin PBXFileReference section */
		57DB52F71D395C4600D30FA2 /* GitApp.app */ = {isa = PBXFileReference; explicitFileType = wrapper.application; includeInIndex = 0; path = GitApp.app; sourceTree = BUILT_PRODUCTS_DIR; };
		57DB52FA1D395C4600D30FA2 /* AppDelegate.swift */ = {isa = PBXFileReference; lastKnownFileType = sourcecode.swift; path = AppDelegate.swift; sourceTree = "<group>"; };
		57DB52FC1D395C4600D30FA2 /* ViewController.swift */ = {isa = PBXFileReference; lastKnownFileType = sourcecode.swift; path = ViewController.swift; sourceTree = "<group>"; };
		57DB52FF1D395C4600D30FA2 /* Base */ = {isa = PBXFileReference; lastKnownFileType = file.storyboard; name = Base; path = Base.lproj/Main.storyboard; sourceTree = "<group>"; };
		57DB53011D395C4600D30FA2 /* Assets.xcassets */ = {isa = PBXFileReference; lastKnownFileType = folder.assetcatalog; path = Assets.xcassets; sourceTree = "<group>"; };
		57DB53041D395C4600D30FA2 /* Base */ = {isa = PBXFileReference; lastKnownFileType = file.storyboard; name = Base; path = Base.lproj/LaunchScreen.storyboard; sourceTree = "<group>"; };
		57DB53061D395C4600D30FA2 /* Info.plist */ = {isa = PBXFileReference; lastKnownFileType = text.plist.xml; path = Info.plist; sourceTree = "<group>"; };
/* End PBXFileReference section */

/* Begin PBXFrameworksBuildPhase section */
		57DB52F41D395C4600D30FA2 /* Frameworks */ = {
			isa = PBXFrameworksBuildPhase;
			buildActionMask = 2147483647;
			files = (
			);
			runOnlyForDeploymentPostprocessing = 0;
		};
/* End PBXFrameworksBuildPhase section */

/* Begin PBXGroup section */
		57DB52EE1D395C4600D30FA2 = {
			isa = PBXGroup;
			children = (
				57DB52F91D395C4600D30FA2 /* GitApp */,
				57DB52F81D395C4600D30FA2 /* Products */,
			);
			sourceTree = "<group>";
		};
		57DB52F81D395C4600D30FA2 /* Products */ = {
			isa = PBXGroup;
			children = (
				57DB52F71D395C4600D30FA2 /* GitApp.app */,
			);
			name = Products;
			sourceTree = "<group>";
		};
		57DB52F91D395C4600D30FA2 /* GitApp */ = {
			isa = PBXGroup;
			children = (
				57DB52FA1D395C4600D30FA2 /* AppDelegate.swift */,
				57DB52FC1D395C4600D30FA2 /* ViewController.swift */,
				57DB52FE1D395C4600D30FA2 /* Main.storyboard */,
				57DB53011D395C4600D30FA2 /* Assets.xcassets */,
				57DB53031D395C4600D30FA2 /* LaunchScreen.storyboard */,
				57DB53061D395C4600D30FA2 /* Info.plist */,
			);
			path = GitApp;
			sourceTree = "<group>";
		};
/* End PBXGroup section */

/* Begin PBXNativeTarget section */
		57DB52F61D395C4600D30FA2 /* GitApp */ = {
			isa = PBXNativeTarget;
			buildConfigurationList = 57DB53091D395C4600D30FA2 /* Build configuration list for PBXNativeTarget "GitApp" */;
			buildPhases = (
				57DB52F31D395C4600D30FA2 /* Sources */,
				57DB52F41D395C4600D30FA2 /* Frameworks */,
				57DB52F51D395C4600D30FA2 /* Resources */,
			);
			buildRules = (
			);
			dependencies = (
			);
			name = GitApp;
			productName = GitApp;
			productReference = 57DB52F71D395C4600D30FA2 /* GitApp.app */;
			productType = "com.apple.product-type.application";
		};
/* End PBXNativeTarget section */

/* Begin PBXProject section */
		57DB52EF1D395C4600D30FA2 /* Project object */ = {
			isa = PBXProject;
			attributes = {
				LastSwiftUpdateCheck = 0730;
				LastUpgradeCheck = 0730;
				ORGANIZATIONNAME = code3e;
				TargetAttributes = {
					57DB52F61D395C4600D30FA2 = {
						CreatedOnToolsVersion = 7.3.1;
					};
				};
			};
			buildConfigurationList = 57DB52F21D395C4600D30FA2 /* Build configuration list for PBXProject "GitApp" */;
			compatibilityVersion = "Xcode 3.2";
			developmentRegion = English;
			hasScannedForEncodings = 0;
			knownRegions = (
				en,
				Base,
			);
			mainGroup = 57DB52EE1D395C4600D30FA2;
			productRefGroup = 57DB52F81D395C4600D30FA2 /* Products */;
			projectDirPath = "";
			projectRoot = "";
			targets = (
				57DB52F61D395C4600D30FA2 /* GitApp */,
			);
		};
/* End PBXProject section */

/* Begin PBXResourcesBuildPhase section */
		57DB52F51D395C4600D30FA2 /* Resources */ = {
			isa = PBXResourcesBuildPhase;
			buildActionMask = 2147483647;
			files = (
				57DB53051D395C4600D30FA2 /* LaunchScreen.storyboard in Resources */,
				57DB53021D395C4600D30FA2 /* Assets.xcassets in Resources */,
				57DB53001D395C4600D30FA2 /* Main.storyboard in Resources */,
			);
			runOnlyForDeploymentPostprocessing = 0;
		};
/* End PBXResourcesBuildPhase section */

/* Begin PBXSourcesBuildPhase section */
		57DB52F31D395C4600D30FA2 /* Sources */ = {
			isa = PBXSourcesBuildPhase;
			buildActionMask = 2147483647;
			files = (
				57DB52FD1D395C4600D30FA2 /* ViewController.swift in Sources */,
				57DB52FB1D395C4600D30FA2 /* AppDelegate.swift in Sources */,
			);
			runOnlyForDeploymentPostprocessing = 0;
		};
/* End PBXSourcesBuildPhase section */

/* Begin PBXVariantGroup section */
		57DB52FE1D395C4600D30FA2 /* Main.storyboard */ = {
			isa = PBXVariantGroup;
			children = (
				57DB52FF1D395C4600D30FA2 /* Base */,
			);
			name = Main.storyboard;
			sourceTree = "<group>";
		};
		57DB53031D395C4600D30FA2 /* LaunchScreen.storyboard */ = {
			isa = PBXVariantGroup;
			children = (
				57DB53041D395C4600D30FA2 /* Base */,
			);
			name = LaunchScreen.storyboard;
			sourceTree = "<group>";
		};
/* End PBXVariantGroup section */

/* Begin XCBuildConfiguration section */
		57DB53071D395C4600D30FA2 /* Debug */ = {
			isa = XCBuildConfiguration;
			buildSettings = {
				ALWAYS_SEARCH_USER_PATHS = NO;
				CLANG_ANALYZER_NONNULL = YES;
				CLANG_CXX_LANGUAGE_STANDARD = "gnu++0x";
				CLANG_CXX_LIBRARY = "libc++";
				CLANG_ENABLE_MODULES = YES;
				CLANG_ENABLE_OBJC_ARC = YES;
				CLANG_WARN_BOOL_CONVERSION = YES;
				CLANG_WARN_CONSTANT_CONVERSION = YES;
				CLANG_WARN_DIRECT_OBJC_ISA_USAGE = YES_ERROR;
				CLANG_WARN_EMPTY_BODY = YES;
				CLANG_WARN_ENUM_CONVERSION = YES;
				CLANG_WARN_INT_CONVERSION = YES;
				CLANG_WARN_OBJC_ROOT_CLASS = YES_ERROR;
				CLANG_WARN_UNREACHABLE_CODE = YES;
				CLANG_WARN__DUPLICATE_METHOD_MATCH = YES;
				"CODE_SIGN_IDENTITY[sdk=iphoneos*]" = "iPhone Developer";
				COPY_PHASE_STRIP = NO;
				DEBUG_INFORMATION_FORMAT = dwarf;
				ENABLE_STRICT_OBJC_MSGSEND = YES;
				ENABLE_TESTABILITY = YES;
				GCC_C_LANGUAGE_STANDARD = gnu99;
				GCC_DYNAMIC_NO_PIC = NO;
				GCC_NO_COMMON_BLOCKS = YES;
				GCC_OPTIMIZATION_LEVEL = 0;
				GCC_PREPROCESSOR_DEFINITIONS = (
					"DEBUG=1",
					"$(inherited)",
				);
				GCC_WARN_64_TO_32_BIT_CONVERSION = YES;
				GCC_WARN_ABOUT_RETURN_TYPE = YES_ERROR;
				GCC_WARN_UNDECLARED_SELECTOR = YES;
				GCC_WARN_UNINITIALIZED_AUTOS = YES_AGGRESSIVE;
				GCC_WARN_UNUSED_FUNCTION = YES;
				GCC_WARN_UNUSED_VARIABLE = YES;
				IPHONEOS_DEPLOYMENT_TARGET = 9.3;
				MTL_ENABLE_DEBUG_INFO = YES;
				ONLY_ACTIVE_ARCH = YES;
				SDKROOT = iphoneos;
				SWIFT_OPTIMIZATION_LEVEL = "-Onone";
			};
			name = Debug;
		};
		57DB53081D395C4600D30FA2 /* Release */ = {
			isa = XCBuildConfiguration;
			buildSettings = {
				ALWAYS_SEARCH_USER_PATHS = NO;
				CLANG_ANALYZER_NONNULL = YES;
				CLANG_CXX_LANGUAGE_STANDARD = "gnu++0x";
				CLANG_CXX_LIBRARY = "libc++";
				CLANG_ENABLE_MODULES = YES;
				CLANG_ENABLE_OBJC_ARC = YES;
				CLANG_WARN_BOOL_CONVERSION = YES;
				CLANG_WARN_CONSTANT_CONVERSION = YES;
				CLANG_WARN_DIRECT_OBJC_ISA_USAGE = YES_ERROR;
				CLANG_WARN_EMPTY_BODY = YES;
				CLANG_WARN_ENUM_CONVERSION = YES;
				CLANG_WARN_INT_CONVERSION = YES;
				CLANG_WARN_OBJC_ROOT_CLASS = YES_ERROR;
				CLANG_WARN_UNREACHABLE_CODE = YES;
				CLANG_WARN__DUPLICATE_METHOD_MATCH = YES;
				"CODE_SIGN_IDENTITY[sdk=iphoneos*]" = "iPhone Developer";
				COPY_PHASE_STRIP = NO;
				DEBUG_INFORMATION_FORMAT = "dwarf-with-dsym";
				ENABLE_NS_ASSERTIONS = NO;
				ENABLE_STRICT_OBJC_MSGSEND = YES;
				GCC_C_LANGUAGE_STANDARD = gnu99;
				GCC_NO_COMMON_BLOCKS = YES;
				GCC_WARN_64_TO_32_BIT_CONVERSION = YES;
				GCC_WARN_ABOUT_RETURN_TYPE = YES_ERROR;
				GCC_WARN_UNDECLARED_SELECTOR = YES;
				GCC_WARN_UNINITIALIZED_AUTOS = YES_AGGRESSIVE;
				GCC_WARN_UNUSED_FUNCTION = YES;
				GCC_WARN_UNUSED_VARIABLE = YES;
				IPHONEOS_DEPLOYMENT_TARGET = 9.3;
				MTL_ENABLE_DEBUG_INFO = NO;
				SDKROOT = iphoneos;
				VALIDATE_PRODUCT = YES;
			};
			name = Release;
		};
		57DB530A1D395C4600D30FA2 /* Debug */ = {
			isa = XCBuildConfiguration;
			buildSettings = {
				ASSETCATALOG_COMPILER_APPICON_NAME = AppIcon;
				INFOPLIST_FILE = GitApp/Info.plist;
				LD_RUNPATH_SEARCH_PATHS = "$(inherited) @executable_path/Frameworks";
				PRODUCT_BUNDLE_IDENTIFIER = com.code3e.GitApp;
				PRODUCT_NAME = "$(TARGET_NAME)";
			};
			name = Debug;
		};
		57DB530B1D395C4600D30FA2 /* Release */ = {
			isa = XCBuildConfiguration;
			buildSettings = {
				ASSETCATALOG_COMPILER_APPICON_NAME = AppIcon;
				INFOPLIST_FILE = GitApp/Info.plist;
				LD_RUNPATH_SEARCH_PATHS = "$(inherited) @executable_path/Frameworks";
				PRODUCT_BUNDLE_IDENTIFIER = com.code3e.GitApp;
				PRODUCT_NAME = "$(TARGET_NAME)";
			};
			name = Release;
		};
/* End XCBuildConfiguration section */

/* Begin XCConfigurationList section */
		57DB52F21D395C4600D30FA2 /* Build configuration list for PBXProject "GitApp" */ = {
			isa = XCConfigurationList;
			buildConfigurations = (
				57DB53071D395C4600D30FA2 /* Debug */,
				57DB53081D395C4600D30FA2 /* Release */,
			);
			defaultConfigurationIsVisible = 0;
			defaultConfigurationName = Release;
		};
		57DB53091D395C4600D30FA2 /* Build configuration list for PBXNativeTarget "GitApp" */ = {
			isa = XCConfigurationList;
			buildConfigurations = (
				57DB530A1D395C4600D30FA2 /* Debug */,
				57DB530B1D395C4600D30FA2 /* Release */,
			);
			defaultConfigurationIsVisible = 0;
		};
/* End XCConfigurationList section */
	};
	rootObject = 57DB52EF1D395C4600D30FA2 /* Project object */;
}
